Microsoft Visual Studio Solution File, Format Version 12.00
# Visual Studio 15
VisualStudioVersion = 15.0.27703.2026
MinimumVisualStudioVersion = 10.0.40219.1
Project("{2150E333-8FDC-42A3-9474-1A3956D46DE8}") = ".paket", ".paket", "{B16FC73E-2654-4157-A730-CA635BC3C421}"
	ProjectSection(SolutionItems) = preProject
		paket.dependencies = paket.dependencies
	EndProjectSection
EndProject
Project("{2150E333-8FDC-42A3-9474-1A3956D46DE8}") = "Solution Items", "Solution Items", "{97A2E15B-3F57-464E-BD22-D14B14D1EF76}"
	ProjectSection(SolutionItems) = preProject
		.gitattributes = .gitattributes
		.gitignore = .gitignore
		build.json = build.json
		build.ps1 = build.ps1
		default.runsettings = default.runsettings
		Pack.cmd = Pack.cmd
		readme.md = readme.md
		Upload.cmd = Upload.cmd
		UploadLocal.cmd = UploadLocal.cmd
	EndProjectSection
EndProject
Project("{FAE04EC0-301F-11D3-BF4B-00C04F79EFBC}") = "ExceptionReporter.Tests", "ExceptionReporter.Tests\ExceptionReporter.Tests.csproj", "{321A555A-DD07-4BE1-8A86-5A9FDBDB78C6}"
EndProject
Project("{FAE04EC0-301F-11D3-BF4B-00C04F79EFBC}") = "ExceptionReporter", "ExceptionReporter\ExceptionReporter.csproj", "{A3B05E42-42AD-4455-B54F-74D6C5281500}"
EndProject
Project("{FAE04EC0-301F-11D3-BF4B-00C04F79EFBC}") = "TestApplication", "TestApplication\TestApplication.csproj", "{F8401CB3-B6EF-4EC5-B3E6-F4FC71604DA0}"
EndProject
Global
	GlobalSection(SolutionConfigurationPlatforms) = preSolution
		Debug|Any CPU = Debug|Any CPU
		Release|Any CPU = Release|Any CPU
	EndGlobalSection
	GlobalSection(ProjectConfigurationPlatforms) = postSolution
		{321A555A-DD07-4BE1-8A86-5A9FDBDB78C6}.Debug|Any CPU.ActiveCfg = Debug|Any CPU
		{321A555A-DD07-4BE1-8A86-5A9FDBDB78C6}.Debug|Any CPU.Build.0 = Debug|Any CPU
		{321A555A-DD07-4BE1-8A86-5A9FDBDB78C6}.Release|Any CPU.ActiveCfg = Release|Any CPU
		{321A555A-DD07-4BE1-8A86-5A9FDBDB78C6}.Release|Any CPU.Build.0 = Release|Any CPU
		{A3B05E42-42AD-4455-B54F-74D6C5281500}.Debug|Any CPU.ActiveCfg = Debug|Any CPU
		{A3B05E42-42AD-4455-B54F-74D6C5281500}.Debug|Any CPU.Build.0 = Debug|Any CPU
		{A3B05E42-42AD-4455-B54F-74D6C5281500}.Release|Any CPU.ActiveCfg = Release|Any CPU
		{A3B05E42-42AD-4455-B54F-74D6C5281500}.Release|Any CPU.Build.0 = Release|Any CPU
		{F8401CB3-B6EF-4EC5-B3E6-F4FC71604DA0}.Debug|Any CPU.ActiveCfg = Debug|Any CPU
		{F8401CB3-B6EF-4EC5-B3E6-F4FC71604DA0}.Debug|Any CPU.Build.0 = Debug|Any CPU
		{F8401CB3-B6EF-4EC5-B3E6-F4FC71604DA0}.Release|Any CPU.ActiveCfg = Release|Any CPU
		{F8401CB3-B6EF-4EC5-B3E6-F4FC71604DA0}.Release|Any CPU.Build.0 = Release|Any CPU
	EndGlobalSection
	GlobalSection(SolutionProperties) = preSolution
		HideSolutionNode = FALSE
	EndGlobalSection
	GlobalSection(ExtensibilityGlobals) = postSolution
		SolutionGuid = {A66E8F86-9A3A-4F77-BCDA-35307AA8B097}
	EndGlobalSection
EndGlobal
